Microsoft Visual Studio Solution File, Format Version 12.00
# Visual Studio Version 16
VisualStudioVersion = 16.0.0.0
MinimumVisualStudioVersion = 16.0.0.0
Project("{9A19103F-16F7-4668-BE54-9A1E7A4F7556}") = "GameDayParty", "GameDayParty\GameDayParty.csproj", "{E0C5B8F6-4989-4127-B762-55E0D6AA698F}"
EndProject
Project("{9A19103F-16F7-4668-BE54-9A1E7A4F7556}") = "GameDayParty.Client", "GameDayParty.Client\GameDayParty.Client.csproj", "{C34EFA20-F2DB-4CEC-98BF-2BD6FDFCFBD7}"
EndProject
Project("{FAE04EC0-301F-11D3-BF4B-00C04F79EFBC}") = "GameDayParty.Shared", "GameDayParty.Shared\GameDayParty.Shared.csproj", "{07E6A47E-838A-41B1-A492-E32D7B2A9698}"
EndProject
Global
	GlobalSection(SolutionConfigurationPlatforms) = preSolution
		Debug|Any CPU = Debug|Any CPU
		Debug|x64 = Debug|x64
		Debug|x86 = Debug|x86
		Release|Any CPU = Release|Any CPU
		Release|x64 = Release|x64
		Release|x86 = Release|x86
	EndGlobalSection
	GlobalSection(ProjectConfigurationPlatforms) = postSolution
		{C34EFA20-F2DB-4CEC-98BF-2BD6FDFCFBD7}.Debug|Any CPU.ActiveCfg = Debug|Any CPU
		{C34EFA20-F2DB-4CEC-98BF-2BD6FDFCFBD7}.Debug|Any CPU.Build.0 = Debug|Any CPU
		{C34EFA20-F2DB-4CEC-98BF-2BD6FDFCFBD7}.Debug|x64.ActiveCfg = Debug|Any CPU
		{C34EFA20-F2DB-4CEC-98BF-2BD6FDFCFBD7}.Debug|x64.Build.0 = Debug|Any CPU
		{C34EFA20-F2DB-4CEC-98BF-2BD6FDFCFBD7}.Debug|x86.ActiveCfg = Debug|Any CPU
		{C34EFA20-F2DB-4CEC-98BF-2BD6FDFCFBD7}.Debug|x86.Build.0 = Debug|Any CPU
		{C34EFA20-F2DB-4CEC-98BF-2BD6FDFCFBD7}.Release|Any CPU.ActiveCfg = Release|Any CPU
		{C34EFA20-F2DB-4CEC-98BF-2BD6FDFCFBD7}.Release|Any CPU.Build.0 = Release|Any CPU
		{C34EFA20-F2DB-4CEC-98BF-2BD6FDFCFBD7}.Release|x64.ActiveCfg = Release|Any CPU
		{C34EFA20-F2DB-4CEC-98BF-2BD6FDFCFBD7}.Release|x64.Build.0 = Release|Any CPU
		{C34EFA20-F2DB-4CEC-98BF-2BD6FDFCFBD7}.Release|x86.ActiveCfg = Release|Any CPU
		{C34EFA20-F2DB-4CEC-98BF-2BD6FDFCFBD7}.Release|x86.Build.0 = Release|Any CPU
		{E0C5B8F6-4989-4127-B762-55E0D6AA698F}.Debug|Any CPU.ActiveCfg = Debug|Any CPU
		{E0C5B8F6-4989-4127-B762-55E0D6AA698F}.Debug|Any CPU.Build.0 = Debug|Any CPU
		{E0C5B8F6-4989-4127-B762-55E0D6AA698F}.Debug|x64.ActiveCfg = Debug|Any CPU
		{E0C5B8F6-4989-4127-B762-55E0D6AA698F}.Debug|x64.Build.0 = Debug|Any CPU
		{E0C5B8F6-4989-4127-B762-55E0D6AA698F}.Debug|x86.ActiveCfg = Debug|Any CPU
		{E0C5B8F6-4989-4127-B762-55E0D6AA698F}.Debug|x86.Build.0 = Debug|Any CPU
		{E0C5B8F6-4989-4127-B762-55E0D6AA698F}.Release|Any CPU.ActiveCfg = Release|Any CPU
		{E0C5B8F6-4989-4127-B762-55E0D6AA698F}.Release|Any CPU.Build.0 = Release|Any CPU
		{E0C5B8F6-4989-4127-B762-55E0D6AA698F}.Release|x64.ActiveCfg = Release|Any CPU
		{E0C5B8F6-4989-4127-B762-55E0D6AA698F}.Release|x64.Build.0 = Release|Any CPU
		{E0C5B8F6-4989-4127-B762-55E0D6AA698F}.Release|x86.ActiveCfg = Release|Any CPU
		{E0C5B8F6-4989-4127-B762-55E0D6AA698F}.Release|x86.Build.0 = Release|Any CPU
		{07E6A47E-838A-41B1-A492-E32D7B2A9698}.Debug|Any CPU.ActiveCfg = Debug|Any CPU
		{07E6A47E-838A-41B1-A492-E32D7B2A9698}.Debug|Any CPU.Build.0 = Debug|Any CPU
		{07E6A47E-838A-41B1-A492-E32D7B2A9698}.Debug|x64.ActiveCfg = Debug|Any CPU
		{07E6A47E-838A-41B1-A492-E32D7B2A9698}.Debug|x64.Build.0 = Debug|Any CPU
		{07E6A47E-838A-41B1-A492-E32D7B2A9698}.Debug|x86.ActiveCfg = Debug|Any CPU
		{07E6A47E-838A-41B1-A492-E32D7B2A9698}.Debug|x86.Build.0 = Debug|Any CPU
		{07E6A47E-838A-41B1-A492-E32D7B2A9698}.Release|Any CPU.ActiveCfg = Release|Any CPU
		{07E6A47E-838A-41B1-A492-E32D7B2A9698}.Release|Any CPU.Build.0 = Release|Any CPU
		{07E6A47E-838A-41B1-A492-E32D7B2A9698}.Release|x64.ActiveCfg = Release|Any CPU
		{07E6A47E-838A-41B1-A492-E32D7B2A9698}.Release|x64.Build.0 = Release|Any CPU
		{07E6A47E-838A-41B1-A492-E32D7B2A9698}.Release|x86.ActiveCfg = Release|Any CPU
		{07E6A47E-838A-41B1-A492-E32D7B2A9698}.Release|x86.Build.0 = Release|Any CPU
	EndGlobalSection
	GlobalSection(SolutionProperties) = preSolution
		HideSolutionNode = FALSE
	EndGlobalSection
	GlobalSection(ExtensibilityGlobals) = postSolution
		SolutionGuid = {6680CEF8-1C91-4B19-B703-09509BED8E3A}
	EndGlobalSection
EndGlobal
